{
  "name": "ws-share",
  "version": "3.1.0",
  "lockfileVersion": 3,
  "requires": true,
  "packages": {
    "": {
      "name": "ws-share",
      "version": "3.1.0",
      "license": "DBAD",
      "dependencies": {
        "event-pubsub": "6.1.1"
      },
      "devDependencies": {
        "vanilla-test": "2.1.3"
      },
      "engines": {
        "node": ">=22.13.0"
      }
    },
    "node_modules/ansi-colors-es6": {
      "version": "5.0.0",
      "resolved": "https://registry.npmjs.org/ansi-colors-es6/-/ansi-colors-es6-5.0.0.tgz",
      "integrity": "sha512-//DAVWjZto+Mmbm8czZxrwC1/QMi5Ka+c8H6jViO1L3McHYE5YLypSFP44EyrJVzPnTnnxOsjOHjLB262eNoDA==",
      "dev": true,
      "license": "MIT",
      "engines": {
        "node": ">=13"
      }
    },
    "node_modules/event-pubsub": {
      "version": "6.1.1",
      "resolved": "https://registry.npmjs.org/event-pubsub/-/event-pubsub-6.1.1.tgz",
      "integrity": "sha512-08nRrPDOAI5QtM/iQRVIs9DiWyFiyG8VCKf/4i71xQAurXm07exshjSY80wSHJMsHPw9cpUxzJPpXjMyHeBTZw==",
      "license": "MIT",
      "dependencies": {
        "strong-type": "2.0.0"
      },
      "engines": {
        "node": ">=22.12.0"
      },
      "funding": {
        "url": "https://github.com/sponsors/RIAEvangelist"
      }
    },
    "node_modules/strong-type": {
      "version": "2.0.0",
      "resolved": "https://registry.npmjs.org/strong-type/-/strong-type-2.0.0.tgz",
      "integrity": "sha512-HHrY9qYC7yn+5mlewiI3k9RQM9gZqGQsqbomZcd10Ks0h4RlX01nnkWbCe4AsVPCI6KaFvpkWm1nHMD+Ykup6g==",
      "license": "MIT",
      "engines": {
        "node": ">=12.21.0"
      }
    },
    "node_modules/vanilla-test": {
      "version": "2.1.3",
      "resolved": "https://registry.npmjs.org/vanilla-test/-/vanilla-test-2.1.3.tgz",
      "integrity": "sha512-WX4jsmXnGmIiDEVcKl+lV4RrjXmGyrbX/IwCy7uYMlRdAMT7dhDLqzwYUgqdHy/wpxq1gv0RESJuKR+mx3wUPg==",
      "dev": true,
      "license": "MIT",
      "dependencies": {
        "ansi-colors-es6": "^5.0.0",
        "strong-type": "^2.0.1"
      },
      "bin": {
        "vanilla-test": "bin/vanilla-test.js"
      },
      "engines": {
        "node": ">=22.12.0"
      }
    },
    "node_modules/vanilla-test/node_modules/strong-type": {
      "version": "2.0.2",
      "resolved": "https://registry.npmjs.org/strong-type/-/strong-type-2.0.2.tgz",
      "integrity": "sha512-Ic1hxBqz00lizGHqxUttjsBJJvL81AZhf3OlcNOZo/Lfhxlw4yTmBMijGgxNyoMXwncole+ktD8Y/gLYo6w1gA==",
      "dev": true,
      "license": "MIT",
      "engines": {
        "node": ">=12.21.0"
      }
    }
  }
}
